{
    "_readme": [
        "This file locks the dependencies of your project to a known state",
        "Read more about it at https://getcomposer.org/doc/01-basic-usage.md#installing-dependencies",
        "This file is @generated automatically"
    ],
    "content-hash": "90e9e529ff5de45a1782b52c4bdb7ccf",
    "packages": [
        {
            "name": "vitaly-alexandrovich/http-client",
            "version": "0.0.3",
            "source": {
                "type": "git",
                "url": "https://github.com/vitaly-alexandrovich/http-client.git",
                "reference": "b8d8b3a957adba6e3dc2756ad68069fdf56c61ab"
            },
            "dist": {
                "type": "zip",
                "url": "https://api.github.com/repos/vitaly-alexandrovich/http-client/zipball/b8d8b3a957adba6e3dc2756ad68069fdf56c61ab",
                "reference": "b8d8b3a957adba6e3dc2756ad68069fdf56c61ab",
                "shasum": ""
            },
            "type": "library",
            "autoload": {
                "psr-4": {
                    "HttpClient\\": "src/"
                }
            },
            "notification-url": "https://packagist.org/downloads/",
            "authors": [
                {
                    "name": "Vitaly",
                    "email": "personal.vitaly@gmail.com"
                }
            ],
            "description": "Very simple http client",
            "support": {
                "issues": "https://github.com/vitaly-alexandrovich/http-client/issues",
                "source": "https://github.com/vitaly-alexandrovich/http-client/tree/0.0.3"
            },
            "time": "2020-10-30T07:22:16+00:00"
        }
    ],
    "packages-dev": [],
    "aliases": [],
    "minimum-stability": "stable",
    "stability-flags": [],
    "prefer-stable": false,
    "prefer-lowest": false,
    "platform": {
        "ext-json": "*"
    },
    "platform-dev": [],
    "plugin-api-version": "2.0.0"
}
